{
  "name": "prettygoat-logging-winston",
  "version": "1.5.0",
  "lockfileVersion": 1,
  "requires": true,
  "dependencies": {
    "@types/expect.js": {
      "version": "0.3.29",
      "resolved": "http://tierra-npm-repository.toptierra.it:4873/@types%2fexpect.js/-/expect.js-0.3.29.tgz",
      "integrity": "sha1-KN01kVW4S47LCUr8P0t0wyItyjs=",
      "dev": true
    },
    "@types/lodash": {
      "version": "4.14.54",
      "resolved": "https://registry.npmjs.org/@types/lodash/-/lodash-4.14.54.tgz",
      "integrity": "sha1-KH27zZfV2mnCXKmfta+oHEg5t/o=",
      "dev": true
    },
    "@types/mocha": {
      "version": "2.2.41",
      "resolved": "http://tierra-npm-repository.toptierra.it:4873/@types%2fmocha/-/mocha-2.2.41.tgz",
      "integrity": "sha1-4nzwgXFT658nE7LT9saPHhw8pgg=",
      "dev": true
    },
    "@types/node": {
      "version": "7.0.48",
      "resolved": "https://registry.npmjs.org/@types/node/-/node-7.0.48.tgz",
      "integrity": "sha512-LLlXafM3BD52MH056tHxTXO8JFCnpJJQkdzIU3+m8ew+CXJY/5zIXgDNb4TK/QFvlI8QexLS5tL+sE0Qhegr1w==",
      "dev": true
    },
    "@types/socket.io": {
      "version": "1.4.31",
      "resolved": "https://registry.npmjs.org/@types/socket.io/-/socket.io-1.4.31.tgz",
      "integrity": "sha512-HnO78rKiAx+tCEKYFurJvKLNAluN9B0V+yLnkJEY9BVwmCXHA7oKeLCymqP/uAgx0t+un/JM+GJOTwNQJ+ODvQ==",
      "dev": true,
      "requires": {
        "@types/node": "7.0.48"
      }
    },
    "@types/winston": {
      "version": "2.3.1",
      "resolved": "https://registry.npmjs.org/@types/winston/-/winston-2.3.1.tgz",
      "integrity": "sha1-cYI0HMiRfjSclin0sSq72qEyg58=",
      "dev": true,
      "requires": {
        "@types/node": "7.0.48"
      }
    },
    "async": {
      "version": "1.0.0",
      "resolved": "https://registry.npmjs.org/async/-/async-1.0.0.tgz",
      "integrity": "sha1-+PwEyjoTeErenhZBr5hXjPvWR6k="
    },
    "colors": {
      "version": "1.0.3",
      "resolved": "https://registry.npmjs.org/colors/-/colors-1.0.3.tgz",
      "integrity": "sha1-BDP0TYCWgP3rYO0mDxsMJi6CpAs="
    },
    "cycle": {
      "version": "1.0.3",
      "resolved": "https://registry.npmjs.org/cycle/-/cycle-1.0.3.tgz",
      "integrity": "sha1-IegLK+hYD5i0aPN5QwZisEbDStI="
    },
    "expect.js": {
      "version": "0.3.1",
      "resolved": "http://tierra-npm-repository.toptierra.it:4873/expect.js/-/expect.js-0.3.1.tgz",
      "integrity": "sha1-sKWaDS7/VDdUTr8M6qYBWEHQm1s=",
      "dev": true
    },
    "eyes": {
      "version": "0.1.8",
      "resolved": "https://registry.npmjs.org/eyes/-/eyes-0.1.8.tgz",
      "integrity": "sha1-Ys8SAjTGg3hdkCNIqADvPgzCC8A="
    },
    "inversify": {
      "version": "4.5.1",
      "resolved": "https://registry.npmjs.org/inversify/-/inversify-4.5.1.tgz",
      "integrity": "sha512-iTGJ/1sN5og+7iYVbsk8K2WY7dvJfVadMish4No7WGTGNKmLCtudNaMEhaZp8MFHKViUJbh/7U85t5J6qFAQkg=="
    },
    "inversify-logging": {
      "version": "0.2.0",
      "resolved": "https://registry.npmjs.org/inversify-logging/-/inversify-logging-0.2.0.tgz",
      "integrity": "sha1-QFs3T8SjwCfNsZVpswUunJFy9Wo=",
      "requires": {
        "lodash": "4.13.1",
        "reflect-metadata": "0.1.8"
      },
      "dependencies": {
        "lodash": {
          "version": "4.13.1",
          "resolved": "https://registry.npmjs.org/lodash/-/lodash-4.13.1.tgz",
          "integrity": "sha1-g+SxCRP0hJbU0W/sSlYK8u50S2g="
        }
      }
    },
    "isstream": {
      "version": "0.1.2",
      "resolved": "https://registry.npmjs.org/isstream/-/isstream-0.1.2.tgz",
      "integrity": "sha1-R+Y/evVa+m+S4VAOaQ64uFKcCZo="
    },
    "lodash": {
      "version": "4.17.4",
      "resolved": "https://registry.npmjs.org/lodash/-/lodash-4.17.4.tgz",
      "integrity": "sha1-eCA6TRwyiuHYbcpkYONptX9AVa4="
    },
    "postinstall-build": {
      "version": "2.1.3",
      "resolved": "https://registry.npmjs.org/postinstall-build/-/postinstall-build-2.1.3.tgz",
      "integrity": "sha1-nRiGqylJYZ9MIGr74a6pXevkXJQ=",
      "dev": true
    },
    "reflect-metadata": {
      "version": "0.1.8",
      "resolved": "http://tierra-npm-repository.toptierra.it:4873/reflect-metadata/-/reflect-metadata-0.1.8.tgz",
      "integrity": "sha1-ckJtVwtgd242iJaL1auVN6Fc7PY="
    },
    "stack-trace": {
      "version": "0.0.10",
      "resolved": "https://registry.npmjs.org/stack-trace/-/stack-trace-0.0.10.tgz",
      "integrity": "sha1-VHxws0fo0ytOEI6hoqFZ5f3eGcA="
    },
    "typemoq": {
      "version": "1.4.2",
      "resolved": "https://registry.npmjs.org/typemoq/-/typemoq-1.4.2.tgz",
      "integrity": "sha1-kkSRcEK4tRN3uMAT3fiSdKaDZ4Q=",
      "dev": true,
      "requires": {
        "lodash": "4.17.4",
        "postinstall-build": "2.1.3"
      }
    },
    "winston": {
      "version": "2.3.1",
      "resolved": "https://registry.npmjs.org/winston/-/winston-2.3.1.tgz",
      "integrity": "sha1-C0hCDZeMAYBM8CMLZIhhWYIloRk=",
      "requires": {
        "async": "1.0.0",
        "colors": "1.0.3",
        "cycle": "1.0.3",
        "eyes": "0.1.8",
        "isstream": "0.1.2",
        "stack-trace": "0.0.10"
      }
    }
  }
}
